
Microsoft Visual Studio Solution File, Format Version 12.00
# Visual Studio 14
VisualStudioVersion = 14.0.25420.1
MinimumVisualStudioVersion = 10.0.40219.1
Project("{FAE04EC0-301F-11D3-BF4B-00C04F79EFBC}") = "TicketManager", "TicketManager\TicketManager.csproj", "{91884456-F948-4B14-881F-29AF88EF69BB}"
EndProject
Project("{FAE04EC0-301F-11D3-BF4B-00C04F79EFBC}") = "Models", "Models\Models.csproj", "{B1E53B43-69D8-473C-B5E5-FEA7BF8A5C31}"
EndProject
Project("{FAE04EC0-301F-11D3-BF4B-00C04F79EFBC}") = "Utilities", "Utilities\Utilities.csproj", "{625BF026-F66C-49C3-9468-61BBB94BA893}"
EndProject
Project("{FAE04EC0-301F-11D3-BF4B-00C04F79EFBC}") = "Business", "Business\Business.csproj", "{20CC85F9-A9E6-4E8E-835E-028C888AF127}"
EndProject
Project("{FAE04EC0-301F-11D3-BF4B-00C04F79EFBC}") = "TicketManager.web", "TicketManager.web\TicketManager.web.csproj", "{5A5C7D7B-0AE7-409F-888D-012B575294E2}"
EndProject
Project("{00D1A9C2-B5F0-4AF3-8072-F6C62B433612}") = "TciketManagerDb", "TciketManagerDb\TciketManagerDb.sqlproj", "{5CA30521-61AE-4168-B895-38876E858D15}"
EndProject
Global
	GlobalSection(SolutionConfigurationPlatforms) = preSolution
		Debug|Any CPU = Debug|Any CPU
		Release|Any CPU = Release|Any CPU
	EndGlobalSection
	GlobalSection(ProjectConfigurationPlatforms) = postSolution
		{91884456-F948-4B14-881F-29AF88EF69BB}.Debug|Any CPU.ActiveCfg = Debug|Any CPU
		{91884456-F948-4B14-881F-29AF88EF69BB}.Debug|Any CPU.Build.0 = Debug|Any CPU
		{91884456-F948-4B14-881F-29AF88EF69BB}.Release|Any CPU.ActiveCfg = Release|Any CPU
		{91884456-F948-4B14-881F-29AF88EF69BB}.Release|Any CPU.Build.0 = Release|Any CPU
		{B1E53B43-69D8-473C-B5E5-FEA7BF8A5C31}.Debug|Any CPU.ActiveCfg = Debug|Any CPU
		{B1E53B43-69D8-473C-B5E5-FEA7BF8A5C31}.Debug|Any CPU.Build.0 = Debug|Any CPU
		{B1E53B43-69D8-473C-B5E5-FEA7BF8A5C31}.Release|Any CPU.ActiveCfg = Release|Any CPU
		{B1E53B43-69D8-473C-B5E5-FEA7BF8A5C31}.Release|Any CPU.Build.0 = Release|Any CPU
		{625BF026-F66C-49C3-9468-61BBB94BA893}.Debug|Any CPU.ActiveCfg = Debug|Any CPU
		{625BF026-F66C-49C3-9468-61BBB94BA893}.Debug|Any CPU.Build.0 = Debug|Any CPU
		{625BF026-F66C-49C3-9468-61BBB94BA893}.Release|Any CPU.ActiveCfg = Release|Any CPU
		{625BF026-F66C-49C3-9468-61BBB94BA893}.Release|Any CPU.Build.0 = Release|Any CPU
		{20CC85F9-A9E6-4E8E-835E-028C888AF127}.Debug|Any CPU.ActiveCfg = Debug|Any CPU
		{20CC85F9-A9E6-4E8E-835E-028C888AF127}.Debug|Any CPU.Build.0 = Debug|Any CPU
		{20CC85F9-A9E6-4E8E-835E-028C888AF127}.Release|Any CPU.ActiveCfg = Release|Any CPU
		{20CC85F9-A9E6-4E8E-835E-028C888AF127}.Release|Any CPU.Build.0 = Release|Any CPU
		{5A5C7D7B-0AE7-409F-888D-012B575294E2}.Debug|Any CPU.ActiveCfg = Debug|Any CPU
		{5A5C7D7B-0AE7-409F-888D-012B575294E2}.Debug|Any CPU.Build.0 = Debug|Any CPU
		{5A5C7D7B-0AE7-409F-888D-012B575294E2}.Release|Any CPU.ActiveCfg = Release|Any CPU
		{5A5C7D7B-0AE7-409F-888D-012B575294E2}.Release|Any CPU.Build.0 = Release|Any CPU
		{5CA30521-61AE-4168-B895-38876E858D15}.Debug|Any CPU.ActiveCfg = Debug|Any CPU
		{5CA30521-61AE-4168-B895-38876E858D15}.Debug|Any CPU.Build.0 = Debug|Any CPU
		{5CA30521-61AE-4168-B895-38876E858D15}.Debug|Any CPU.Deploy.0 = Debug|Any CPU
		{5CA30521-61AE-4168-B895-38876E858D15}.Release|Any CPU.ActiveCfg = Release|Any CPU
		{5CA30521-61AE-4168-B895-38876E858D15}.Release|Any CPU.Build.0 = Release|Any CPU
		{5CA30521-61AE-4168-B895-38876E858D15}.Release|Any CPU.Deploy.0 = Release|Any CPU
	EndGlobalSection
	GlobalSection(SolutionProperties) = preSolution
		HideSolutionNode = FALSE
	EndGlobalSection
EndGlobal
